# THIS IS AN AUTOGENERATED FILE. DO NOT EDIT THIS FILE DIRECTLY.
# yarn lockfile v1


"@babel/helper-string-parser@^7.25.9":
  version "7.25.9"
  resolved "https://registry.yarnpkg.com/@babel/helper-string-parser/-/helper-string-parser-7.25.9.tgz#1aabb72ee72ed35789b4bbcad3ca2862ce614e8c"
  integrity sha512-4A/SCr/2KLd5jrtOMFzaKjVtAei3+2r/NChoBNoZ3EyP/+GlhoaEGoWOZUmFmoITP7zOJyHIMm+DYRd8o3PvHA==

"@babel/helper-validator-identifier@^7.25.9":
  version "7.25.9"
  resolved "https://registry.yarnpkg.com/@babel/helper-validator-identifier/-/helper-validator-identifier-7.25.9.tgz#24b64e2c3ec7cd3b3c547729b8d16871f22cbdc7"
  integrity sha512-Ed61U6XJc3CVRfkERJWDz4dJwKe7iLmmJsbOGu9wSloNSFttHV0I8g6UAgb7qnK5ly5bGLPd4oXZlxCdANBOWQ==

"@babel/parser@^7.25.3":
  version "7.26.7"
  resolved "https://registry.yarnpkg.com/@babel/parser/-/parser-7.26.7.tgz#e114cd099e5f7d17b05368678da0fb9f69b3385c"
  integrity sha512-kEvgGGgEjRUutvdVvZhbn/BxVt+5VSpwXz1j3WYXQbXDo8KzFOPNG2GQbdAiNq8g6wn1yKk7C/qrke03a84V+w==
  dependencies:
    "@babel/types" "^7.26.7"

"@babel/runtime@^7.21.0":
  version "7.26.7"
  resolved "https://registry.yarnpkg.com/@babel/runtime/-/runtime-7.26.7.tgz#f4e7fe527cd710f8dc0618610b61b4b060c3c341"
  integrity sha512-AOPI3D+a8dXnja+iwsUqGRjr1BbZIe771sXdapOtYI531gSqpi92vXivKcq2asu/DFpdl1ceFAKZyRzK2PCVcQ==
  dependencies:
    regenerator-runtime "^0.14.0"

"@babel/types@^7.26.7":
  version "7.26.7"
  resolved "https://registry.yarnpkg.com/@babel/types/-/types-7.26.7.tgz#5e2b89c0768e874d4d061961f3a5a153d71dc17a"
  integrity sha512-t8kDRGrKXyp6+tjUh7hw2RLyclsW4TRoRvRHtSyAX9Bb5ldlFh+90YAYY6awRXrlB4G5G2izNeGySpATlFzmOg==
  dependencies:
    "@babel/helper-string-parser" "^7.25.9"
    "@babel/helper-validator-identifier" "^7.25.9"

"@esbuild/aix-ppc64@0.20.2":
  version "0.20.2"
  resolved "https://registry.yarnpkg.com/@esbuild/aix-ppc64/-/aix-ppc64-0.20.2.tgz#a70f4ac11c6a1dfc18b8bbb13284155d933b9537"
  integrity sha512-D+EBOJHXdNZcLJRBkhENNG8Wji2kgc9AZ9KiPr1JuZjsNtyHzrsfLRrY0tk2H2aoFu6RANO1y1iPPUCDYWkb5g==

"@esbuild/android-arm64@0.20.2":
  version "0.20.2"
  resolved "https://registry.yarnpkg.com/@esbuild/android-arm64/-/android-arm64-0.20.2.tgz#db1c9202a5bc92ea04c7b6840f1bbe09ebf9e6b9"
  integrity sha512-mRzjLacRtl/tWU0SvD8lUEwb61yP9cqQo6noDZP/O8VkwafSYwZ4yWy24kan8jE/IMERpYncRt2dw438LP3Xmg==

"@esbuild/android-arm@0.20.2":
  version "0.20.2"
  resolved "https://registry.yarnpkg.com/@esbuild/android-arm/-/android-arm-0.20.2.tgz#3b488c49aee9d491c2c8f98a909b785870d6e995"
  integrity sha512-t98Ra6pw2VaDhqNWO2Oph2LXbz/EJcnLmKLGBJwEwXX/JAN83Fym1rU8l0JUWK6HkIbWONCSSatf4sf2NBRx/w==

"@esbuild/android-x64@0.20.2":
  version "0.20.2"
  resolved "https://registry.yarnpkg.com/@esbuild/android-x64/-/android-x64-0.20.2.tgz#3b1628029e5576249d2b2d766696e50768449f98"
  integrity sha512-btzExgV+/lMGDDa194CcUQm53ncxzeBrWJcncOBxuC6ndBkKxnHdFJn86mCIgTELsooUmwUm9FkhSp5HYu00Rg==

"@esbuild/darwin-arm64@0.20.2":
  version "0.20.2"
  resolved "https://registry.yarnpkg.com/@esbuild/darwin-arm64/-/darwin-arm64-0.20.2.tgz#6e8517a045ddd86ae30c6608c8475ebc0c4000bb"
  integrity sha512-4J6IRT+10J3aJH3l1yzEg9y3wkTDgDk7TSDFX+wKFiWjqWp/iCfLIYzGyasx9l0SAFPT1HwSCR+0w/h1ES/MjA==

"@esbuild/darwin-x64@0.20.2":
  version "0.20.2"
  resolved "https://registry.yarnpkg.com/@esbuild/darwin-x64/-/darwin-x64-0.20.2.tgz#90ed098e1f9dd8a9381695b207e1cff45540a0d0"
  integrity sha512-tBcXp9KNphnNH0dfhv8KYkZhjc+H3XBkF5DKtswJblV7KlT9EI2+jeA8DgBjp908WEuYll6pF+UStUCfEpdysA==

"@esbuild/freebsd-arm64@0.20.2":
  version "0.20.2"
  resolved "https://registry.yarnpkg.com/@esbuild/freebsd-arm64/-/freebsd-arm64-0.20.2.tgz#d71502d1ee89a1130327e890364666c760a2a911"
  integrity sha512-d3qI41G4SuLiCGCFGUrKsSeTXyWG6yem1KcGZVS+3FYlYhtNoNgYrWcvkOoaqMhwXSMrZRl69ArHsGJ9mYdbbw==

"@esbuild/freebsd-x64@0.20.2":
  version "0.20.2"
  resolved "https://registry.yarnpkg.com/@esbuild/freebsd-x64/-/freebsd-x64-0.20.2.tgz#aa5ea58d9c1dd9af688b8b6f63ef0d3d60cea53c"
  integrity sha512-d+DipyvHRuqEeM5zDivKV1KuXn9WeRX6vqSqIDgwIfPQtwMP4jaDsQsDncjTDDsExT4lR/91OLjRo8bmC1e+Cw==

"@esbuild/linux-arm64@0.20.2":
  version "0.20.2"
  resolved "https://registry.yarnpkg.com/@esbuild/linux-arm64/-/linux-arm64-0.20.2.tgz#055b63725df678379b0f6db9d0fa85463755b2e5"
  integrity sha512-9pb6rBjGvTFNira2FLIWqDk/uaf42sSyLE8j1rnUpuzsODBq7FvpwHYZxQ/It/8b+QOS1RYfqgGFNLRI+qlq2A==

"@esbuild/linux-arm@0.20.2":
  version "0.20.2"
  resolved "https://registry.yarnpkg.com/@esbuild/linux-arm/-/linux-arm-0.20.2.tgz#76b3b98cb1f87936fbc37f073efabad49dcd889c"
  integrity sha512-VhLPeR8HTMPccbuWWcEUD1Az68TqaTYyj6nfE4QByZIQEQVWBB8vup8PpR7y1QHL3CpcF6xd5WVBU/+SBEvGTg==

"@esbuild/linux-ia32@0.20.2":
  version "0.20.2"
  resolved "https://registry.yarnpkg.com/@esbuild/linux-ia32/-/linux-ia32-0.20.2.tgz#c0e5e787c285264e5dfc7a79f04b8b4eefdad7fa"
  integrity sha512-o10utieEkNPFDZFQm9CoP7Tvb33UutoJqg3qKf1PWVeeJhJw0Q347PxMvBgVVFgouYLGIhFYG0UGdBumROyiig==

"@esbuild/linux-loong64@0.20.2":
  version "0.20.2"
  resolved "https://registry.yarnpkg.com/@esbuild/linux-loong64/-/linux-loong64-0.20.2.tgz#a6184e62bd7cdc63e0c0448b83801001653219c5"
  integrity sha512-PR7sp6R/UC4CFVomVINKJ80pMFlfDfMQMYynX7t1tNTeivQ6XdX5r2XovMmha/VjR1YN/HgHWsVcTRIMkymrgQ==

"@esbuild/linux-mips64el@0.20.2":
  version "0.20.2"
  resolved "https://registry.yarnpkg.com/@esbuild/linux-mips64el/-/linux-mips64el-0.20.2.tgz#d08e39ce86f45ef8fc88549d29c62b8acf5649aa"
  integrity sha512-4BlTqeutE/KnOiTG5Y6Sb/Hw6hsBOZapOVF6njAESHInhlQAghVVZL1ZpIctBOoTFbQyGW+LsVYZ8lSSB3wkjA==

"@esbuild/linux-ppc64@0.20.2":
  version "0.20.2"
  resolved "https://registry.yarnpkg.com/@esbuild/linux-ppc64/-/linux-ppc64-0.20.2.tgz#8d252f0b7756ffd6d1cbde5ea67ff8fd20437f20"
  integrity sha512-rD3KsaDprDcfajSKdn25ooz5J5/fWBylaaXkuotBDGnMnDP1Uv5DLAN/45qfnf3JDYyJv/ytGHQaziHUdyzaAg==

"@esbuild/linux-riscv64@0.20.2":
  version "0.20.2"
  resolved "https://registry.yarnpkg.com/@esbuild/linux-riscv64/-/linux-riscv64-0.20.2.tgz#19f6dcdb14409dae607f66ca1181dd4e9db81300"
  integrity sha512-snwmBKacKmwTMmhLlz/3aH1Q9T8v45bKYGE3j26TsaOVtjIag4wLfWSiZykXzXuE1kbCE+zJRmwp+ZbIHinnVg==

"@esbuild/linux-s390x@0.20.2":
  version "0.20.2"
  resolved "https://registry.yarnpkg.com/@esbuild/linux-s390x/-/linux-s390x-0.20.2.tgz#3c830c90f1a5d7dd1473d5595ea4ebb920988685"
  integrity sha512-wcWISOobRWNm3cezm5HOZcYz1sKoHLd8VL1dl309DiixxVFoFe/o8HnwuIwn6sXre88Nwj+VwZUvJf4AFxkyrQ==

"@esbuild/linux-x64@0.20.2":
  version "0.20.2"
  resolved "https://registry.yarnpkg.com/@esbuild/linux-x64/-/linux-x64-0.20.2.tgz#86eca35203afc0d9de0694c64ec0ab0a378f6fff"
  integrity sha512-1MdwI6OOTsfQfek8sLwgyjOXAu+wKhLEoaOLTjbijk6E2WONYpH9ZU2mNtR+lZ2B4uwr+usqGuVfFT9tMtGvGw==

"@esbuild/netbsd-x64@0.20.2":
  version "0.20.2"
  resolved "https://registry.yarnpkg.com/@esbuild/netbsd-x64/-/netbsd-x64-0.20.2.tgz#e771c8eb0e0f6e1877ffd4220036b98aed5915e6"
  integrity sha512-K8/DhBxcVQkzYc43yJXDSyjlFeHQJBiowJ0uVL6Tor3jGQfSGHNNJcWxNbOI8v5k82prYqzPuwkzHt3J1T1iZQ==

"@esbuild/openbsd-x64@0.20.2":
  version "0.20.2"
  resolved "https://registry.yarnpkg.com/@esbuild/openbsd-x64/-/openbsd-x64-0.20.2.tgz#9a795ae4b4e37e674f0f4d716f3e226dd7c39baf"
  integrity sha512-eMpKlV0SThJmmJgiVyN9jTPJ2VBPquf6Kt/nAoo6DgHAoN57K15ZghiHaMvqjCye/uU4X5u3YSMgVBI1h3vKrQ==

"@esbuild/sunos-x64@0.20.2":
  version "0.20.2"
  resolved "https://registry.yarnpkg.com/@esbuild/sunos-x64/-/sunos-x64-0.20.2.tgz#7df23b61a497b8ac189def6e25a95673caedb03f"
  integrity sha512-2UyFtRC6cXLyejf/YEld4Hajo7UHILetzE1vsRcGL3earZEW77JxrFjH4Ez2qaTiEfMgAXxfAZCm1fvM/G/o8w==

"@esbuild/win32-arm64@0.20.2":
  version "0.20.2"
  resolved "https://registry.yarnpkg.com/@esbuild/win32-arm64/-/win32-arm64-0.20.2.tgz#f1ae5abf9ca052ae11c1bc806fb4c0f519bacf90"
  integrity sha512-GRibxoawM9ZCnDxnP3usoUDO9vUkpAxIIZ6GQI+IlVmr5kP3zUq+l17xELTHMWTWzjxa2guPNyrpq1GWmPvcGQ==

"@esbuild/win32-ia32@0.20.2":
  version "0.20.2"
  resolved "https://registry.yarnpkg.com/@esbuild/win32-ia32/-/win32-ia32-0.20.2.tgz#241fe62c34d8e8461cd708277813e1d0ba55ce23"
  integrity sha512-HfLOfn9YWmkSKRQqovpnITazdtquEW8/SoHW7pWpuEeguaZI4QnCRW6b+oZTztdBnZOS2hqJ6im/D5cPzBTTlQ==

"@esbuild/win32-x64@0.20.2":
  version "0.20.2"
  resolved "https://registry.yarnpkg.com/@esbuild/win32-x64/-/win32-x64-0.20.2.tgz#9c907b21e30a52db959ba4f80bb01a0cc403d5cc"
  integrity sha512-N49X4lJX27+l9jbLKSqZ6bKNjzQvHaT8IIFUy+YIqmXQdjYCToGWwOItDrfby14c78aDd5NHQl29xingXfCdLQ==

"@jridgewell/sourcemap-codec@^1.5.0":
  version "1.5.0"
  resolved "https://registry.yarnpkg.com/@jridgewell/sourcemap-codec/-/sourcemap-codec-1.5.0.tgz#3188bcb273a414b0d215fd22a58540b989b9409a"
  integrity sha512-gv3ZRaISU3fjPAgNsriBRqGWQL6quFx04YMPW/zD8XMLsU32mhCCbfbO6KZFLjvYpCZ8zyDEgqsgf+PwPaM7GQ==

"@nodelib/fs.scandir@2.1.5":
  version "2.1.5"
  resolved "https://registry.yarnpkg.com/@nodelib/fs.scandir/-/fs.scandir-2.1.5.tgz#7619c2eb21b25483f6d167548b4cfd5a7488c3d5"
  integrity sha512-vq24Bq3ym5HEQm2NKCr3yXDwjc7vTsEThRDnkp2DK9p1uqLR+DHurm/NOTo0KG7HYHU7eppKZj3MyqYuMBf62g==
  dependencies:
    "@nodelib/fs.stat" "2.0.5"
    run-parallel "^1.1.9"

"@nodelib/fs.stat@2.0.5", "@nodelib/fs.stat@^2.0.2":
  version "2.0.5"
  resolved "https://registry.yarnpkg.com/@nodelib/fs.stat/-/fs.stat-2.0.5.tgz#5bd262af94e9d25bd1e71b05deed44876a222e8b"
  integrity sha512-RkhPPp2zrqDAQA/2jNhnztcPAlv64XdhIp7a7454A5ovI7Bukxgt7MX7udwAu3zg1DcpPU0rz3VV1SeaqvY4+A==

"@nodelib/fs.walk@^1.2.3":
  version "1.2.8"
  resolved "https://registry.yarnpkg.com/@nodelib/fs.walk/-/fs.walk-1.2.8.tgz#e95737e8bb6746ddedf69c556953494f196fe69a"
  integrity sha512-oGB+UxlgWcgQkgwo8GcEGwemoTFt3FIO9ababBmaGwXIoBKZ+GTy0pP185beGg7Llih/NSHSV2XAs1lnznocSg==
  dependencies:
    "@nodelib/fs.scandir" "2.1.5"
    fastq "^1.6.0"

"@parcel/watcher-android-arm64@2.5.1":
  version "2.5.1"
  resolved "https://registry.yarnpkg.com/@parcel/watcher-android-arm64/-/watcher-android-arm64-2.5.1.tgz#507f836d7e2042f798c7d07ad19c3546f9848ac1"
  integrity sha512-KF8+j9nNbUN8vzOFDpRMsaKBHZ/mcjEjMToVMJOhTozkDonQFFrRcfdLWn6yWKCmJKmdVxSgHiYvTCef4/qcBA==

"@parcel/watcher-darwin-arm64@2.5.1":
  version "2.5.1"
  resolved "https://registry.yarnpkg.com/@parcel/watcher-darwin-arm64/-/watcher-darwin-arm64-2.5.1.tgz#3d26dce38de6590ef79c47ec2c55793c06ad4f67"
  integrity sha512-eAzPv5osDmZyBhou8PoF4i6RQXAfeKL9tjb3QzYuccXFMQU0ruIc/POh30ePnaOyD1UXdlKguHBmsTs53tVoPw==

"@parcel/watcher-darwin-x64@2.5.1":
  version "2.5.1"
  resolved "https://registry.yarnpkg.com/@parcel/watcher-darwin-x64/-/watcher-darwin-x64-2.5.1.tgz#99f3af3869069ccf774e4ddfccf7e64fd2311ef8"
  integrity sha512-1ZXDthrnNmwv10A0/3AJNZ9JGlzrF82i3gNQcWOzd7nJ8aj+ILyW1MTxVk35Db0u91oD5Nlk9MBiujMlwmeXZg==

"@parcel/watcher-freebsd-x64@2.5.1":
  version "2.5.1"
  resolved "https://registry.yarnpkg.com/@parcel/watcher-freebsd-x64/-/watcher-freebsd-x64-2.5.1.tgz#14d6857741a9f51dfe51d5b08b7c8afdbc73ad9b"
  integrity sha512-SI4eljM7Flp9yPuKi8W0ird8TI/JK6CSxju3NojVI6BjHsTyK7zxA9urjVjEKJ5MBYC+bLmMcbAWlZ+rFkLpJQ==

"@parcel/watcher-linux-arm-glibc@2.5.1":
  version "2.5.1"
  resolved "https://registry.yarnpkg.com/@parcel/watcher-linux-arm-glibc/-/watcher-linux-arm-glibc-2.5.1.tgz#43c3246d6892381db473bb4f663229ad20b609a1"
  integrity sha512-RCdZlEyTs8geyBkkcnPWvtXLY44BCeZKmGYRtSgtwwnHR4dxfHRG3gR99XdMEdQ7KeiDdasJwwvNSF5jKtDwdA==

"@parcel/watcher-linux-arm-musl@2.5.1":
  version "2.5.1"
  resolved "https://registry.yarnpkg.com/@parcel/watcher-linux-arm-musl/-/watcher-linux-arm-musl-2.5.1.tgz#663750f7090bb6278d2210de643eb8a3f780d08e"
  integrity sha512-6E+m/Mm1t1yhB8X412stiKFG3XykmgdIOqhjWj+VL8oHkKABfu/gjFj8DvLrYVHSBNC+/u5PeNrujiSQ1zwd1Q==

"@parcel/watcher-linux-arm64-glibc@2.5.1":
  version "2.5.1"
  resolved "https://registry.yarnpkg.com/@parcel/watcher-linux-arm64-glibc/-/watcher-linux-arm64-glibc-2.5.1.tgz#ba60e1f56977f7e47cd7e31ad65d15fdcbd07e30"
  integrity sha512-LrGp+f02yU3BN9A+DGuY3v3bmnFUggAITBGriZHUREfNEzZh/GO06FF5u2kx8x+GBEUYfyTGamol4j3m9ANe8w==

"@parcel/watcher-linux-arm64-musl@2.5.1":
  version "2.5.1"
  resolved "https://registry.yarnpkg.com/@parcel/watcher-linux-arm64-musl/-/watcher-linux-arm64-musl-2.5.1.tgz#f7fbcdff2f04c526f96eac01f97419a6a99855d2"
  integrity sha512-cFOjABi92pMYRXS7AcQv9/M1YuKRw8SZniCDw0ssQb/noPkRzA+HBDkwmyOJYp5wXcsTrhxO0zq1U11cK9jsFg==

"@parcel/watcher-linux-x64-glibc@2.5.1":
  version "2.5.1"
  resolved "https://registry.yarnpkg.com/@parcel/watcher-linux-x64-glibc/-/watcher-linux-x64-glibc-2.5.1.tgz#4d2ea0f633eb1917d83d483392ce6181b6a92e4e"
  integrity sha512-GcESn8NZySmfwlTsIur+49yDqSny2IhPeZfXunQi48DMugKeZ7uy1FX83pO0X22sHntJ4Ub+9k34XQCX+oHt2A==

"@parcel/watcher-linux-x64-musl@2.5.1":
  version "2.5.1"
  resolved "https://registry.yarnpkg.com/@parcel/watcher-linux-x64-musl/-/watcher-linux-x64-musl-2.5.1.tgz#277b346b05db54f55657301dd77bdf99d63606ee"
  integrity sha512-n0E2EQbatQ3bXhcH2D1XIAANAcTZkQICBPVaxMeaCVBtOpBZpWJuf7LwyWPSBDITb7In8mqQgJ7gH8CILCURXg==

"@parcel/watcher-win32-arm64@2.5.1":
  version "2.5.1"
  resolved "https://registry.yarnpkg.com/@parcel/watcher-win32-arm64/-/watcher-win32-arm64-2.5.1.tgz#7e9e02a26784d47503de1d10e8eab6cceb524243"
  integrity sha512-RFzklRvmc3PkjKjry3hLF9wD7ppR4AKcWNzH7kXR7GUe0Igb3Nz8fyPwtZCSquGrhU5HhUNDr/mKBqj7tqA2Vw==

"@parcel/watcher-win32-ia32@2.5.1":
  version "2.5.1"
  resolved "https://registry.yarnpkg.com/@parcel/watcher-win32-ia32/-/watcher-win32-ia32-2.5.1.tgz#2d0f94fa59a873cdc584bf7f6b1dc628ddf976e6"
  integrity sha512-c2KkcVN+NJmuA7CGlaGD1qJh1cLfDnQsHjE89E60vUEMlqduHGCdCLJCID5geFVM0dOtA3ZiIO8BoEQmzQVfpQ==

"@parcel/watcher-win32-x64@2.5.1":
  version "2.5.1"
  resolved "https://registry.yarnpkg.com/@parcel/watcher-win32-x64/-/watcher-win32-x64-2.5.1.tgz#ae52693259664ba6f2228fa61d7ee44b64ea0947"
  integrity sha512-9lHBdJITeNR++EvSQVUcaZoWupyHfXe1jZvGZ06O/5MflPcuPLtEphScIBL+AiCWBO46tDSHzWyD0uDmmZqsgA==

"@parcel/watcher@^2.4.1":
  version "2.5.1"
  resolved "https://registry.yarnpkg.com/@parcel/watcher/-/watcher-2.5.1.tgz#342507a9cfaaf172479a882309def1e991fb1200"
  integrity sha512-dfUnCxiN9H4ap84DvD2ubjw+3vUNpstxa0TneY/Paat8a3R4uQZDLSvWjmznAY/DoahqTHl9V46HF/Zs3F29pg==
  dependencies:
    detect-libc "^1.0.3"
    is-glob "^4.0.3"
    micromatch "^4.0.5"
    node-addon-api "^7.0.0"
  optionalDependencies:
    "@parcel/watcher-android-arm64" "2.5.1"
    "@parcel/watcher-darwin-arm64" "2.5.1"
    "@parcel/watcher-darwin-x64" "2.5.1"
    "@parcel/watcher-freebsd-x64" "2.5.1"
    "@parcel/watcher-linux-arm-glibc" "2.5.1"
    "@parcel/watcher-linux-arm-musl" "2.5.1"
    "@parcel/watcher-linux-arm64-glibc" "2.5.1"
    "@parcel/watcher-linux-arm64-musl" "2.5.1"
    "@parcel/watcher-linux-x64-glibc" "2.5.1"
    "@parcel/watcher-linux-x64-musl" "2.5.1"
    "@parcel/watcher-win32-arm64" "2.5.1"
    "@parcel/watcher-win32-ia32" "2.5.1"
    "@parcel/watcher-win32-x64" "2.5.1"

"@popperjs/core@^2.9.2":
  version "2.11.8"
  resolved "https://registry.yarnpkg.com/@popperjs/core/-/core-2.11.8.tgz#6b79032e760a0899cd4204710beede972a3a185f"
  integrity sha512-P1st0aksCrn9sGZhp8GMYwBnQsbvAWsZAX44oXNNvLHGqAOcoVxmjZiohstwQ7SqKnbR47akdNi+uleWD8+g6A==

"@rails/activestorage@^7.1.2":
  version "7.2.201"
  resolved "https://registry.yarnpkg.com/@rails/activestorage/-/activestorage-7.2.201.tgz#9c8e73affa5204bd14d8b339a863fa4fcd0285e3"
  integrity sha512-7hCJsh2eULFwki4MhDGVLSdAABkmjQkCm9LNE2UK6Ti9uRMkhpER+PoLFLJ2QlJkahZuN62gbCnOnLczRxZSdA==
  dependencies:
    spark-md5 "^3.0.1"

"@rails/ujs@^7.1.2":
  version "7.1.2"
  resolved "https://registry.yarnpkg.com/@rails/ujs/-/ujs-7.1.2.tgz#ea903bcc0224e17156015d995b6f1b83e27d64b2"
  integrity sha512-c5x02djEKEVVE4qfN4XgElJS4biM0xxtIVpcJ0ZHLK116U19rowTtmD0AJ/RCb3Xaewa4GPIWLlwgeC0dCQqzw==

"@rollup/rollup-android-arm-eabi@4.14.0":
  version "4.14.0"
  resolved "https://registry.yarnpkg.com/@rollup/rollup-android-arm-eabi/-/rollup-android-arm-eabi-4.14.0.tgz#57936f50d0335e2e7bfac496d209606fa516add4"
  integrity sha512-jwXtxYbRt1V+CdQSy6Z+uZti7JF5irRKF8hlKfEnF/xJpcNGuuiZMBvuoYM+x9sr9iWGnzrlM0+9hvQ1kgkf1w==

"@rollup/rollup-android-arm64@4.14.0":
  version "4.14.0"
  resolved "https://registry.yarnpkg.com/@rollup/rollup-android-arm64/-/rollup-android-arm64-4.14.0.tgz#81bba83b37382a2d0e30ceced06c8d3d85138054"
  integrity sha512-fI9nduZhCccjzlsA/OuAwtFGWocxA4gqXGTLvOyiF8d+8o0fZUeSztixkYjcGq1fGZY3Tkq4yRvHPFxU+jdZ9Q==

"@rollup/rollup-darwin-arm64@4.14.0":
  version "4.14.0"
  resolved "https://registry.yarnpkg.com/@rollup/rollup-darwin-arm64/-/rollup-darwin-arm64-4.14.0.tgz#a371bd723a5c4c4a33376da72abfc3938066842b"
  integrity sha512-BcnSPRM76/cD2gQC+rQNGBN6GStBs2pl/FpweW8JYuz5J/IEa0Fr4AtrPv766DB/6b2MZ/AfSIOSGw3nEIP8SA==

"@rollup/rollup-darwin-x64@4.14.0":
  version "4.14.0"
  resolved "https://registry.yarnpkg.com/@rollup/rollup-darwin-x64/-/rollup-darwin-x64-4.14.0.tgz#8baf2fda277c9729125017c65651296282412886"
  integrity sha512-LDyFB9GRolGN7XI6955aFeI3wCdCUszFWumWU0deHA8VpR3nWRrjG6GtGjBrQxQKFevnUTHKCfPR4IvrW3kCgQ==

"@rollup/rollup-linux-arm-gnueabihf@4.14.0":
  version "4.14.0"
  resolved "https://registry.yarnpkg.com/@rollup/rollup-linux-arm-gnueabihf/-/rollup-linux-arm-gnueabihf-4.14.0.tgz#822830a8f7388d5b81d04c69415408d3bab1079b"
  integrity sha512-ygrGVhQP47mRh0AAD0zl6QqCbNsf0eTo+vgwkY6LunBcg0f2Jv365GXlDUECIyoXp1kKwL5WW6rsO429DBY/bA==

"@rollup/rollup-linux-arm64-gnu@4.14.0":
  version "4.14.0"
  resolved "https://registry.yarnpkg.com/@rollup/rollup-linux-arm64-gnu/-/rollup-linux-arm64-gnu-4.14.0.tgz#e20fbe1bd4414c7119f9e0bba8ad17a6666c8365"
  integrity sha512-x+uJ6MAYRlHGe9wi4HQjxpaKHPM3d3JjqqCkeC5gpnnI6OWovLdXTpfa8trjxPLnWKyBsSi5kne+146GAxFt4A==

"@rollup/rollup-linux-arm64-musl@4.14.0":
  version "4.14.0"
  resolved "https://registry.yarnpkg.com/@rollup/rollup-linux-arm64-musl/-/rollup-linux-arm64-musl-4.14.0.tgz#13f475596a62e1924f13fe1c8cf2c40e09a99b47"
  integrity sha512-nrRw8ZTQKg6+Lttwqo6a2VxR9tOroa2m91XbdQ2sUUzHoedXlsyvY1fN4xWdqz8PKmf4orDwejxXHjh7YBGUCA==

"@rollup/rollup-linux-powerpc64le-gnu@4.14.0":
  version "4.14.0"
  resolved "https://registry.yarnpkg.com/@rollup/rollup-linux-powerpc64le-gnu/-/rollup-linux-powerpc64le-gnu-4.14.0.tgz#6a431c441420d1c510a205e08c6673355a0a2ea9"
  integrity sha512-xV0d5jDb4aFu84XKr+lcUJ9y3qpIWhttO3Qev97z8DKLXR62LC3cXT/bMZXrjLF9X+P5oSmJTzAhqwUbY96PnA==

"@rollup/rollup-linux-riscv64-gnu@4.14.0":
  version "4.14.0"
  resolved "https://registry.yarnpkg.com/@rollup/rollup-linux-riscv64-gnu/-/rollup-linux-riscv64-gnu-4.14.0.tgz#53d9448962c3f9ed7a1672269655476ea2d67567"
  integrity sha512-SDDhBQwZX6LPRoPYjAZWyL27LbcBo7WdBFWJi5PI9RPCzU8ijzkQn7tt8NXiXRiFMJCVpkuMkBf4OxSxVMizAw==

"@rollup/rollup-linux-s390x-gnu@4.14.0":
  version "4.14.0"
  resolved "https://registry.yarnpkg.com/@rollup/rollup-linux-s390x-gnu/-/rollup-linux-s390x-gnu-4.14.0.tgz#95f0c133b324da3e7e5c7d12855e0eb71d21a946"
  integrity sha512-RxB/qez8zIDshNJDufYlTT0ZTVut5eCpAZ3bdXDU9yTxBzui3KhbGjROK2OYTTor7alM7XBhssgoO3CZ0XD3qA==

"@rollup/rollup-linux-x64-gnu@4.14.0":
  version "4.14.0"
  resolved "https://registry.yarnpkg.com/@rollup/rollup-linux-x64-gnu/-/rollup-linux-x64-gnu-4.14.0.tgz#820ada75c68ead1acc486e41238ca0d8f8531478"
  integrity sha512-C6y6z2eCNCfhZxT9u+jAM2Fup89ZjiG5pIzZIDycs1IwESviLxwkQcFRGLjnDrP+PT+v5i4YFvlcfAs+LnreXg==

"@rollup/rollup-linux-x64-musl@4.14.0":
  version "4.14.0"
  resolved "https://registry.yarnpkg.com/@rollup/rollup-linux-x64-musl/-/rollup-linux-x64-musl-4.14.0.tgz#ca74f22e125efbe94c1148d989ef93329b464443"
  integrity sha512-i0QwbHYfnOMYsBEyjxcwGu5SMIi9sImDVjDg087hpzXqhBSosxkE7gyIYFHgfFl4mr7RrXksIBZ4DoLoP4FhJg==

"@rollup/rollup-win32-arm64-msvc@4.14.0":
  version "4.14.0"
  resolved "https://registry.yarnpkg.com/@rollup/rollup-win32-arm64-msvc/-/rollup-win32-arm64-msvc-4.14.0.tgz#269023332297051d037a9593dcba92c10fef726b"
  integrity sha512-Fq52EYb0riNHLBTAcL0cun+rRwyZ10S9vKzhGKKgeD+XbwunszSY0rVMco5KbOsTlwovP2rTOkiII/fQ4ih/zQ==

"@rollup/rollup-win32-ia32-msvc@4.14.0":
  version "4.14.0"
  resolved "https://registry.yarnpkg.com/@rollup/rollup-win32-ia32-msvc/-/rollup-win32-ia32-msvc-4.14.0.tgz#d7701438daf964011fd7ca33e3f13f3ff5129e7b"
  integrity sha512-e/PBHxPdJ00O9p5Ui43+vixSgVf4NlLsmV6QneGERJ3lnjIua/kim6PRFe3iDueT1rQcgSkYP8ZBBXa/h4iPvw==

"@rollup/rollup-win32-x64-msvc@4.14.0":
  version "4.14.0"
  resolved "https://registry.yarnpkg.com/@rollup/rollup-win32-x64-msvc/-/rollup-win32-x64-msvc-4.14.0.tgz#0bb7ac3cd1c3292db1f39afdabfd03ccea3a3d34"
  integrity sha512-aGg7iToJjdklmxlUlJh/PaPNa4PmqHfyRMLunbL3eaMO0gp656+q1zOKkpJ/CVe9CryJv6tAN1HDoR8cNGzkag==

"@types/estree@1.0.5":
  version "1.0.5"
  resolved "https://registry.yarnpkg.com/@types/estree/-/estree-1.0.5.tgz#a6ce3e556e00fd9895dd872dd172ad0d4bd687f4"
  integrity sha512-/kYRxGDLWzHOB7q+wtSUQlFrtcdUccpfy+X+9iMBpHK8QLLhx2wIPYuS5DYtR9Wa/YlZAbIovy7qVdB1Aq6Lyw==

"@types/lodash@^4.14.165":
  version "4.17.15"
  resolved "https://registry.yarnpkg.com/@types/lodash/-/lodash-4.17.15.tgz#12d4af0ed17cc7600ce1f9980cec48fc17ad1e89"
  integrity sha512-w/P33JFeySuhN6JLkysYUK2gEmy9kHHFN7E8ro0tkfmlDOgxBDzWEZ/J8cWA+fHqFevpswDTFZnDx+R9lbL6xw==

"@types/resize-observer-browser@^0.1.7":
  version "0.1.11"
  resolved "https://registry.yarnpkg.com/@types/resize-observer-browser/-/resize-observer-browser-0.1.11.tgz#d3c98d788489d8376b7beac23863b1eebdd3c13c"
  integrity sha512-cNw5iH8JkMkb3QkCoe7DaZiawbDQEUX8t7iuQaRTyLOyQCR2h+ibBD4GJt7p5yhUHrlOeL7ZtbxNHeipqNsBzQ==

"@vitejs/plugin-vue@^5.0.4":
  version "5.2.1"
  resolved "https://registry.yarnpkg.com/@vitejs/plugin-vue/-/plugin-vue-5.2.1.tgz#d1491f678ee3af899f7ae57d9c21dc52a65c7133"
  integrity sha512-cxh314tzaWwOLqVes2gnnCtvBDcM1UMdn+iFR+UjAn411dPT3tOmqrJjbMd7koZpMAmBM/GqeV4n9ge7JSiJJQ==

"@vue/compiler-core@3.5.13":
  version "3.5.13"
  resolved "https://registry.yarnpkg.com/@vue/compiler-core/-/compiler-core-3.5.13.tgz#b0ae6c4347f60c03e849a05d34e5bf747c9bda05"
  integrity sha512-oOdAkwqUfW1WqpwSYJce06wvt6HljgY3fGeM9NcVA1HaYOij3mZG9Rkysn0OHuyUAGMbEbARIpsG+LPVlBJ5/Q==
  dependencies:
    "@babel/parser" "^7.25.3"
    "@vue/shared" "3.5.13"
    entities "^4.5.0"
    estree-walker "^2.0.2"
    source-map-js "^1.2.0"

"@vue/compiler-dom@3.5.13":
  version "3.5.13"
  resolved "https://registry.yarnpkg.com/@vue/compiler-dom/-/compiler-dom-3.5.13.tgz#bb1b8758dbc542b3658dda973b98a1c9311a8a58"
  integrity sha512-ZOJ46sMOKUjO3e94wPdCzQ6P1Lx/vhp2RSvfaab88Ajexs0AHeV0uasYhi99WPaogmBlRHNRuly8xV75cNTMDA==
  dependencies:
    "@vue/compiler-core" "3.5.13"
    "@vue/shared" "3.5.13"

"@vue/compiler-sfc@3.5.13":
  version "3.5.13"
  resolved "https://registry.yarnpkg.com/@vue/compiler-sfc/-/compiler-sfc-3.5.13.tgz#461f8bd343b5c06fac4189c4fef8af32dea82b46"
  integrity sha512-6VdaljMpD82w6c2749Zhf5T9u5uLBWKnVue6XWxprDobftnletJ8+oel7sexFfM3qIxNmVE7LSFGTpv6obNyaQ==
  dependencies:
    "@babel/parser" "^7.25.3"
    "@vue/compiler-core" "3.5.13"
    "@vue/compiler-dom" "3.5.13"
    "@vue/compiler-ssr" "3.5.13"
    "@vue/shared" "3.5.13"
    estree-walker "^2.0.2"
    magic-string "^0.30.11"
    postcss "^8.4.48"
    source-map-js "^1.2.0"

"@vue/compiler-ssr@3.5.13":
  version "3.5.13"
  resolved "https://registry.yarnpkg.com/@vue/compiler-ssr/-/compiler-ssr-3.5.13.tgz#e771adcca6d3d000f91a4277c972a996d07f43ba"
  integrity sha512-wMH6vrYHxQl/IybKJagqbquvxpWCuVYpoUJfCqFZwa/JY1GdATAQ+TgVtgrwwMZ0D07QhA99rs/EAAWfvG6KpA==
  dependencies:
    "@vue/compiler-dom" "3.5.13"
    "@vue/shared" "3.5.13"

"@vue/devtools-api@^6.0.0-beta.11":
  version "6.6.4"
  resolved "https://registry.yarnpkg.com/@vue/devtools-api/-/devtools-api-6.6.4.tgz#cbe97fe0162b365edc1dba80e173f90492535343"
  integrity sha512-sGhTPMuXqZ1rVOk32RylztWkfXTRhuS7vgAKv0zjqk8gbsHkJ7xfFf+jbySxt7tWObEJwyKaHMikV/WGDiQm8g==

"@vue/reactivity@3.5.13":
  version "3.5.13"
  resolved "https://registry.yarnpkg.com/@vue/reactivity/-/reactivity-3.5.13.tgz#b41ff2bb865e093899a22219f5b25f97b6fe155f"
  integrity sha512-NaCwtw8o48B9I6L1zl2p41OHo/2Z4wqYGGIK1Khu5T7yxrn+ATOixn/Udn2m+6kZKB/J7cuT9DbWWhRxqixACg==
  dependencies:
    "@vue/shared" "3.5.13"

"@vue/runtime-core@3.5.13":
  version "3.5.13"
  resolved "https://registry.yarnpkg.com/@vue/runtime-core/-/runtime-core-3.5.13.tgz#1fafa4bf0b97af0ebdd9dbfe98cd630da363a455"
  integrity sha512-Fj4YRQ3Az0WTZw1sFe+QDb0aXCerigEpw418pw1HBUKFtnQHWzwojaukAs2X/c9DQz4MQ4bsXTGlcpGxU/RCIw==
  dependencies:
    "@vue/reactivity" "3.5.13"
    "@vue/shared" "3.5.13"

"@vue/runtime-dom@3.5.13":
  version "3.5.13"
  resolved "https://registry.yarnpkg.com/@vue/runtime-dom/-/runtime-dom-3.5.13.tgz#610fc795de9246300e8ae8865930d534e1246215"
  integrity sha512-dLaj94s93NYLqjLiyFzVs9X6dWhTdAlEAciC3Moq7gzAc13VJUdCnjjRurNM6uTLFATRHexHCTu/Xp3eW6yoog==
  dependencies:
    "@vue/reactivity" "3.5.13"
    "@vue/runtime-core" "3.5.13"
    "@vue/shared" "3.5.13"
    csstype "^3.1.3"

"@vue/server-renderer@3.5.13":
  version "3.5.13"
  resolved "https://registry.yarnpkg.com/@vue/server-renderer/-/server-renderer-3.5.13.tgz#429ead62ee51de789646c22efe908e489aad46f7"
  integrity sha512-wAi4IRJV/2SAW3htkTlB+dHeRmpTiVIK1OGLWV1yeStVSebSQQOwGwIq0D3ZIoBj2C2qpgz5+vX9iEBkTdk5YA==
  dependencies:
    "@vue/compiler-ssr" "3.5.13"
    "@vue/shared" "3.5.13"

"@vue/shared@3.5.13":
  version "3.5.13"
  resolved "https://registry.yarnpkg.com/@vue/shared/-/shared-3.5.13.tgz#87b309a6379c22b926e696893237826f64339b6f"
  integrity sha512-/hnE/qP5ZoGpol0a5mDi45bOd7t3tjYJBjsgCsivow7D48cJeV5l05RD82lPqi7gRiphZM37rnhW1l6ZoCNNnQ==

bootstrap@^5.0.1:
  version "5.3.3"
  resolved "https://registry.yarnpkg.com/bootstrap/-/bootstrap-5.3.3.tgz#de35e1a765c897ac940021900fcbb831602bac38"
  integrity sha512-8HLCdWgyoMguSO9o+aH+iuZ+aht+mzW0u3HIMzVu7Srrpv7EBBxTnrFlSCskwdY1+EOFQSm7uMJhNQHkdPcmjg==

braces@^3.0.3:
  version "3.0.3"
  resolved "https://registry.yarnpkg.com/braces/-/braces-3.0.3.tgz#490332f40919452272d55a8480adc0c441358789"
  integrity sha512-yQbXgO/OSZVD2IsiLlro+7Hf6Q18EJrKSEsdoMzKePKXct3gvD8oLcOQdIzGupr5Fj+EDe8gO/lxc1BzfMpxvA==
  dependencies:
    fill-range "^7.1.1"

chokidar@^4.0.0:
  version "4.0.3"
  resolved "https://registry.yarnpkg.com/chokidar/-/chokidar-4.0.3.tgz#7be37a4c03c9aee1ecfe862a4a23b2c70c205d30"
  integrity sha512-Qgzu8kfBvo+cA4962jnP1KkS6Dop5NS6g7R5LFYJr4b8Ub94PPQXUksCw9PvXoeXPRRddRNC5C1JQUR2SMGtnA==
  dependencies:
    readdirp "^4.0.1"

cocoon-js-vanilla@^1.3.0:
  version "1.5.1"
  resolved "https://registry.yarnpkg.com/cocoon-js-vanilla/-/cocoon-js-vanilla-1.5.1.tgz#ad006086667fd6e3058817205b67ba12290382df"
  integrity sha512-EGDheeAA4Lwy+S2Dm46rpnb0mJqJoGyboE9G821+g9oV/W+GMVRcuC2YybDLU9WloHZlK6H4klp3hZ91ZZjKyQ==

core-js@^3.8.3:
  version "3.40.0"
  resolved "https://registry.yarnpkg.com/core-js/-/core-js-3.40.0.tgz#2773f6b06877d8eda102fc42f828176437062476"
  integrity sha512-7vsMc/Lty6AGnn7uFpYT56QesI5D2Y/UkgKounk87OP9Z2H9Z8kj6jzcSGAxFmUtDOS0ntK6lbQz+Nsa0Jj6mQ==

csstype@^3.1.3:
  version "3.1.3"
  resolved "https://registry.yarnpkg.com/csstype/-/csstype-3.1.3.tgz#d80ff294d114fb0e6ac500fbf85b60137d7eff81"
  integrity sha512-M1uQkMl8rQK/szD0LNhtqxIPLpimGm8sOBwU7lLnCpSbTyY3yeU1Vc7l4KT5zT4s/yOxHH5O7tIuuLOCnLADRw==

datatables.net-bs4@^1.10.25:
  version "1.13.11"
  resolved "https://registry.yarnpkg.com/datatables.net-bs4/-/datatables.net-bs4-1.13.11.tgz#b31b9006f1901746e6c835925523608bd0a29025"
  integrity sha512-1LnxzQDFKpwvBETc8wtUtQ+pUXhs6NJomNST5pRzzHAccckkj9rZeOp3mevKDnDJKuNhBM1Y0rIeZGylJnqh9A==
  dependencies:
    datatables.net "1.13.11"
    jquery "1.8 - 4"

datatables.net@1.13.11:
  version "1.13.11"
  resolved "https://registry.yarnpkg.com/datatables.net/-/datatables.net-1.13.11.tgz#e2a4c8b50553512f241ebfcbc078d74d551183b2"
  integrity sha512-AE6RkMXziRaqzPcu/pl3SJXeRa6fmXQG/fVjuRESujvkzqDCYEeKTTpPMuVJSGYJpPi32WGSphVNNY1G4nSN/g==
  dependencies:
    jquery "1.8 - 4"

date-fns-tz@^2.0.0:
  version "2.0.1"
  resolved "https://registry.yarnpkg.com/date-fns-tz/-/date-fns-tz-2.0.1.tgz#0a9b2099031c0d74120b45de9fd23192e48ea495"
  integrity sha512-fJCG3Pwx8HUoLhkepdsP7Z5RsucUi+ZBOxyM5d0ZZ6c4SdYustq0VMmOu6Wf7bli+yS/Jwp91TOCqn9jMcVrUA==

date-fns@^2.16.1:
  version "2.30.0"
  resolved "https://registry.yarnpkg.com/date-fns/-/date-fns-2.30.0.tgz#f367e644839ff57894ec6ac480de40cae4b0f4d0"
  integrity sha512-fnULvOpxnC5/Vg3NCiWelDsLiUc9bRwAPs/+LfTLNvetFCtCTN+yQz15C/fs4AwX1R9K5GLtLfn8QW+dWisaAw==
  dependencies:
    "@babel/runtime" "^7.21.0"

debug@^4.3.4:
  version "4.4.0"
  resolved "https://registry.yarnpkg.com/debug/-/debug-4.4.0.tgz#2b3f2aea2ffeb776477460267377dc8710faba8a"
  integrity sha512-6WTZ/IxCY/T6BALoZHaE4ctp9xm+Z5kY/pzYaCHRFeyVhojxlrm+46y68HA6hr0TcwEssoxNiDEUJQjfPZ/RYA==
  dependencies:
    ms "^2.1.3"

detect-libc@^1.0.3:
  version "1.0.3"
  resolved "https://registry.yarnpkg.com/detect-libc/-/detect-libc-1.0.3.tgz#fa137c4bd698edf55cd5cd02ac559f91a4c4ba9b"
  integrity sha512-pGjwhsmsp4kL2RTz08wcOlGN83otlqHeD/Z5T8GXZB+/YcpQ/dgo+lbU8ZsGxV0HIvqqxo9l7mqYwyYMD9bKDg==

entities@^4.5.0:
  version "4.5.0"
  resolved "https://registry.yarnpkg.com/entities/-/entities-4.5.0.tgz#5d268ea5e7113ec74c4d033b79ea5a35a488fb48"
  integrity sha512-V0hjH4dGPh9Ao5p0MoRY6BVqtwCjhz6vI5LT8AJ55H+4g9/4vbHx1I54fS0XuclLhDHArPQCiMjDxjaL8fPxhw==

esbuild@^0.20.1:
  version "0.20.2"
  resolved "https://registry.yarnpkg.com/esbuild/-/esbuild-0.20.2.tgz#9d6b2386561766ee6b5a55196c6d766d28c87ea1"
  integrity sha512-WdOOppmUNU+IbZ0PaDiTst80zjnrOkyJNHoKupIcVyU8Lvla3Ugx94VzkQ32Ijqd7UhHJy75gNWDMUekcrSJ6g==
  optionalDependencies:
    "@esbuild/aix-ppc64" "0.20.2"
    "@esbuild/android-arm" "0.20.2"
    "@esbuild/android-arm64" "0.20.2"
    "@esbuild/android-x64" "0.20.2"
    "@esbuild/darwin-arm64" "0.20.2"
    "@esbuild/darwin-x64" "0.20.2"
    "@esbuild/freebsd-arm64" "0.20.2"
    "@esbuild/freebsd-x64" "0.20.2"
    "@esbuild/linux-arm" "0.20.2"
    "@esbuild/linux-arm64" "0.20.2"
    "@esbuild/linux-ia32" "0.20.2"
    "@esbuild/linux-loong64" "0.20.2"
    "@esbuild/linux-mips64el" "0.20.2"
    "@esbuild/linux-ppc64" "0.20.2"
    "@esbuild/linux-riscv64" "0.20.2"
    "@esbuild/linux-s390x" "0.20.2"
    "@esbuild/linux-x64" "0.20.2"
    "@esbuild/netbsd-x64" "0.20.2"
    "@esbuild/openbsd-x64" "0.20.2"
    "@esbuild/sunos-x64" "0.20.2"
    "@esbuild/win32-arm64" "0.20.2"
    "@esbuild/win32-ia32" "0.20.2"
    "@esbuild/win32-x64" "0.20.2"

estree-walker@^2.0.2:
  version "2.0.2"
  resolved "https://registry.yarnpkg.com/estree-walker/-/estree-walker-2.0.2.tgz#52f010178c2a4c117a7757cfe942adb7d2da4cac"
  integrity sha512-Rfkk/Mp/DL7JVje3u18FxFujQlTNR2q6QfMSMB7AvCBx91NGj/ba3kCfza0f6dVDbw7YlRf/nDrn7pQrCCyQ/w==

fast-glob@^3.3.2:
  version "3.3.3"
  resolved "https://registry.yarnpkg.com/fast-glob/-/fast-glob-3.3.3.tgz#d06d585ce8dba90a16b0505c543c3ccfb3aeb818"
  integrity sha512-7MptL8U0cqcFdzIzwOTHoilX9x5BrNqye7Z/LuC7kCMRio1EMSyqRK3BEAUD7sXRq4iT4AzTVuZdhgQ2TCvYLg==
  dependencies:
    "@nodelib/fs.stat" "^2.0.2"
    "@nodelib/fs.walk" "^1.2.3"
    glob-parent "^5.1.2"
    merge2 "^1.3.0"
    micromatch "^4.0.8"

fastq@^1.6.0:
  version "1.19.0"
  resolved "https://registry.yarnpkg.com/fastq/-/fastq-1.19.0.tgz#a82c6b7c2bb4e44766d865f07997785fecfdcb89"
  integrity sha512-7SFSRCNjBQIZH/xZR3iy5iQYR8aGBE0h3VG6/cwlbrpdciNYBMotQav8c1XI3HjHH+NikUpP53nPdlZSdWmFzA==
  dependencies:
    reusify "^1.0.4"

fill-range@^7.1.1:
  version "7.1.1"
  resolved "https://registry.yarnpkg.com/fill-range/-/fill-range-7.1.1.tgz#44265d3cac07e3ea7dc247516380643754a05292"
  integrity sha512-YsGpe3WHLK8ZYi4tWDg2Jy3ebRz2rXowDxnld4bkQB00cc/1Zw9AWnC0i9ztDJitivtQvaI9KaLyKrc+hBW0yg==
  dependencies:
    to-regex-range "^5.0.1"

fsevents@~2.3.2, fsevents@~2.3.3:
  version "2.3.3"
  resolved "https://registry.yarnpkg.com/fsevents/-/fsevents-2.3.3.tgz#cac6407785d03675a2a5e1a5305c697b347d90d6"
  integrity sha512-5xoDfX+fL7faATnagmWPpbFtwh/R77WmMMqqHGS65C3vvB0YHrgF+B1YmZ3441tMj5n63k0212XNoJwzlhffQw==

function-bind@^1.1.2:
  version "1.1.2"
  resolved "https://registry.yarnpkg.com/function-bind/-/function-bind-1.1.2.tgz#2c02d864d97f3ea6c8830c464cbd11ab6eab7a1c"
  integrity sha512-7XHNxH7qX9xG5mIwxkhumTox/MIRNcOgDrxWsMt2pAr23WHp6MrRlN7FBSFpCpr+oVO0F744iUgR82nJMfG2SA==

glob-parent@^5.1.2:
  version "5.1.2"
  resolved "https://registry.yarnpkg.com/glob-parent/-/glob-parent-5.1.2.tgz#869832c58034fe68a4093c17dc15e8340d8401c4"
  integrity sha512-AOIgSQCepiJYwP3ARnGx+5VnTu2HBYdzbGP45eLw1vr3zB3vZLeyed1sC9hnbcOc9/SrMyM5RPQrkGz4aS9Zow==
  dependencies:
    is-glob "^4.0.1"

hasown@^2.0.0:
  version "2.0.0"
  resolved "https://registry.yarnpkg.com/hasown/-/hasown-2.0.0.tgz#f4c513d454a57b7c7e1650778de226b11700546c"
  integrity sha512-vUptKVTpIJhcczKBbgnS+RtcuYMB8+oNzPK2/Hp3hanz8JmpATdmmgLgSaadVREkDm+e2giHwY3ZRkyjSIDDFA==
  dependencies:
    function-bind "^1.1.2"

immutable@^5.0.2:
  version "5.0.3"
  resolved "https://registry.yarnpkg.com/immutable/-/immutable-5.0.3.tgz#aa037e2313ea7b5d400cd9298fa14e404c933db1"
  integrity sha512-P8IdPQHq3lA1xVeBRi5VPqUm5HDgKnx0Ru51wZz5mjxHr5n3RWhjIpOFU7ybkUxfB+5IToy+OLaHYDBIWsv+uw==

is-core-module@^2.13.0:
  version "2.13.1"
  resolved "https://registry.yarnpkg.com/is-core-module/-/is-core-module-2.13.1.tgz#ad0d7532c6fea9da1ebdc82742d74525c6273384"
  integrity sha512-hHrIjvZsftOsvKSn2TRYl63zvxsgE0K+0mYMoH6gD4omR5IWB2KynivBQczo3+wF1cCkjzvptnI9Q0sPU66ilw==
  dependencies:
    hasown "^2.0.0"

is-extglob@^2.1.1:
  version "2.1.1"
  resolved "https://registry.yarnpkg.com/is-extglob/-/is-extglob-2.1.1.tgz#a88c02535791f02ed37c76a1b9ea9773c833f8c2"
  integrity sha512-SbKbANkN603Vi4jEZv49LeVJMn4yGwsbzZworEoyEiutsN3nJYdbO36zfhGJ6QEDpOZIFkDtnq5JRxmvl3jsoQ==

is-glob@^4.0.1, is-glob@^4.0.3:
  version "4.0.3"
  resolved "https://registry.yarnpkg.com/is-glob/-/is-glob-4.0.3.tgz#64f61e42cbbb2eec2071a9dac0b28ba1e65d5084"
  integrity sha512-xelSayHH36ZgE7ZWhli7pW34hNbNl8Ojv5KVmkJD4hBdD3th8Tfk9vYasLM+mXWOZhFkgZfxhLSnrwRr4elSSg==
  dependencies:
    is-extglob "^2.1.1"

is-number@^7.0.0:
  version "7.0.0"
  resolved "https://registry.yarnpkg.com/is-number/-/is-number-7.0.0.tgz#7535345b896734d5f80c4d06c50955527a14f12b"
  integrity sha512-41Cifkg6e8TylSpdtTpeLVMqvSBEVzTttHvERD741+pnZ8ANv0004MRL43QKPDlK9cGvNp6NZWZUBlbGXYxxng==

"jquery@1.8 - 4", jquery@^3.6.0:
  version "3.7.1"
  resolved "https://registry.yarnpkg.com/jquery/-/jquery-3.7.1.tgz#083ef98927c9a6a74d05a6af02806566d16274de"
  integrity sha512-m4avr8yL8kmFN8psrbFFFmB/If14iN5o9nw/NgnnM+kybDJpRsAynV2BsfpTYrTRysYUdADVD7CkUUizgkpLfg==

lodash@^4.17.20:
  version "4.17.21"
  resolved "https://registry.yarnpkg.com/lodash/-/lodash-4.17.21.tgz#679591c564c3bffaae8454cf0b3df370c3d6911c"
  integrity sha512-v2kDEe57lecTulaDIuNTPy3Ry4gLGJ6Z1O3vE1krgXZNrsQ+LFTGHVxVjcXPs17LhbZVGedAJv8XZ1tvj5FvSg==

lux-design-system@^6.0.0:
  version "6.1.2"
  resolved "https://registry.yarnpkg.com/lux-design-system/-/lux-design-system-6.1.2.tgz#41c70118c66eb457d7e2fa101830dd52bbb7677a"
  integrity sha512-WbTmr5U6oFWCAxP4PMPHbAI3UCrbBslZ+9lxyhR1T8cslYXvQ7tnKGkK1ylGQiMItCr8hDj/eg4fZu4inN1nUw==
  dependencies:
    core-js "^3.8.3"
    register-service-worker "^1.7.2"
    v-calendar "^3.1.2"
    vue-draggable-plus "^0.3.5"
    vue-multiselect "^3.0.0-beta.3"
    vue3-cookies "^1.0.6"
    vuex "^4.0.0"

magic-string@^0.30.11:
  version "0.30.17"
  resolved "https://registry.yarnpkg.com/magic-string/-/magic-string-0.30.17.tgz#450a449673d2460e5bbcfba9a61916a1714c7453"
  integrity sha512-sNPKHvyjVf7gyjwS4xGTaW/mCnF8wnjtifKBEhxfZ7E/S8tQ0rssrwGNn6q8JH/ohItJfSQp9mBtQYuTlH5QnA==
  dependencies:
    "@jridgewell/sourcemap-codec" "^1.5.0"

merge2@^1.3.0:
  version "1.4.1"
  resolved "https://registry.yarnpkg.com/merge2/-/merge2-1.4.1.tgz#4368892f885e907455a6fd7dc55c0c9d404990ae"
  integrity sha512-8q7VEgMJW4J8tcfVPy8g09NcQwZdbwFEqhe/WZkoIzjn/3TGDwtOCYtXGxA3O8tPzpczCCDgv+P2P5y00ZJOOg==

micromatch@^4.0.5, micromatch@^4.0.8:
  version "4.0.8"
  resolved "https://registry.yarnpkg.com/micromatch/-/micromatch-4.0.8.tgz#d66fa18f3a47076789320b9b1af32bd86d9fa202"
  integrity sha512-PXwfBhYu0hBCPw8Dn0E+WDYb7af3dSLVWKi3HGv84IdF4TyFoC0ysxFd0Goxw7nSv4T/PzEJQxsYsEiFCKo2BA==
  dependencies:
    braces "^3.0.3"
    picomatch "^2.3.1"

ms@^2.1.3:
  version "2.1.3"
  resolved "https://registry.yarnpkg.com/ms/-/ms-2.1.3.tgz#574c8138ce1d2b5861f0b44579dbadd60c6615b2"
  integrity sha512-6FlzubTLZG3J2a/NVCAleEhjzq5oxgHyaCU9yYXvcLsvoVaHJq/s5xXI6/XXP6tz7R9xAOtHnSO/tXtF3WRTlA==

nanoid@^3.3.8:
  version "3.3.8"
  resolved "https://registry.yarnpkg.com/nanoid/-/nanoid-3.3.8.tgz#b1be3030bee36aaff18bacb375e5cce521684baf"
  integrity sha512-WNLf5Sd8oZxOm+TzppcYk8gVOgP+l58xNy58D0nbUnOxOWRWvlcCV4kUF7ltmI6PsrLl/BgKEyS4mqsGChFN0w==

node-addon-api@^7.0.0:
  version "7.1.1"
  resolved "https://registry.yarnpkg.com/node-addon-api/-/node-addon-api-7.1.1.tgz#1aba6693b0f255258a049d621329329322aad558"
  integrity sha512-5m3bsyrjFWE1xf7nz7YXdN4udnVtXK6/Yfgn5qnahL6bCkf2yKt4k3nuTKAtT4r3IG8JNR2ncsIMdZuAzJjHQQ==

path-parse@^1.0.7:
  version "1.0.7"
  resolved "https://registry.yarnpkg.com/path-parse/-/path-parse-1.0.7.tgz#fbc114b60ca42b30d9daf5858e4bd68bbedb6735"
  integrity sha512-LDJzPVEEEPR+y48z93A0Ed0yXb8pAByGWo/k5YYdYgpY2/2EsOsksJrq7lOHxryrVOn1ejG6oAp8ahvOIQD8sw==

picocolors@^1.1.1:
  version "1.1.1"
  resolved "https://registry.yarnpkg.com/picocolors/-/picocolors-1.1.1.tgz#3d321af3eab939b083c8f929a1d12cda81c26b6b"
  integrity sha512-xceH2snhtb5M9liqDsmEw56le376mTZkEX/jEb/RxNFyegNul7eNslCXP9FDj/Lcu0X8KEyMceP2ntpaHrDEVA==

picomatch@^2.3.1:
  version "2.3.1"
  resolved "https://registry.yarnpkg.com/picomatch/-/picomatch-2.3.1.tgz#3ba3833733646d9d3e4995946c1365a67fb07a42"
  integrity sha512-JU3teHTNjmE2VCGFzuY8EXzCDVwEqB2a8fsIvwaStHhAWJEeVd1o1QD80CU6+ZdEXXSLbSsuLwJjkCBWqRQUVA==

pify@^2.3.0:
  version "2.3.0"
  resolved "https://registry.yarnpkg.com/pify/-/pify-2.3.0.tgz#ed141a6ac043a849ea588498e7dca8b15330e90c"
  integrity sha512-udgsAY+fTnvv7kI7aaxbqwWNb0AHiB0qBO89PZKPkoTmGOgdbrHDKD+0B2X4uTfJ/FT1R09r9gTsjUjNJotuog==

popper.js@^1.16.1:
  version "1.16.1"
  resolved "https://registry.yarnpkg.com/popper.js/-/popper.js-1.16.1.tgz#2a223cb3dc7b6213d740e40372be40de43e65b1b"
  integrity sha512-Wb4p1J4zyFTbM+u6WuO4XstYx4Ky9Cewe4DWrel7B0w6VVICvPwdOpotjzcf6eD8TsckVnIMNONQyPIUFOUbCQ==

postcss-import@^16.1.0:
  version "16.1.0"
  resolved "https://registry.yarnpkg.com/postcss-import/-/postcss-import-16.1.0.tgz#258732175518129667fe1e2e2a05b19b5654b96a"
  integrity sha512-7hsAZ4xGXl4MW+OKEWCnF6T5jqBw80/EE9aXg1r2yyn1RsVEU8EtKXbijEODa+rg7iih4bKf7vlvTGYR4CnPNg==
  dependencies:
    postcss-value-parser "^4.0.0"
    read-cache "^1.0.0"
    resolve "^1.1.7"

postcss-value-parser@^4.0.0:
  version "4.2.0"
  resolved "https://registry.yarnpkg.com/postcss-value-parser/-/postcss-value-parser-4.2.0.tgz#723c09920836ba6d3e5af019f92bc0971c02e514"
  integrity sha512-1NNCs6uurfkVbeXG4S8JFT9t19m45ICnif8zWLd5oPSZ50QnwMfK+H3jv408d4jw/7Bttv5axS5IiHoLaVNHeQ==

postcss@^8.4.38, postcss@^8.4.48:
  version "8.5.1"
  resolved "https://registry.yarnpkg.com/postcss/-/postcss-8.5.1.tgz#e2272a1f8a807fafa413218245630b5db10a3214"
  integrity sha512-6oz2beyjc5VMn/KV1pPw8fliQkhBXrVn1Z3TVyqZxU8kZpzEKhBdmCFqI6ZbmGtamQvQGuU1sgPTk8ZrXDD7jQ==
  dependencies:
    nanoid "^3.3.8"
    picocolors "^1.1.1"
    source-map-js "^1.2.1"

queue-microtask@^1.2.2:
  version "1.2.3"
  resolved "https://registry.yarnpkg.com/queue-microtask/-/queue-microtask-1.2.3.tgz#4929228bbc724dfac43e0efb058caf7b6cfb6243"
  integrity sha512-NuaNSa6flKT5JaSYQzJok04JzTL1CA6aGhv5rfLW3PgqA+M2ChpZQnAC8h8i4ZFkBS8X5RqkDBHA7r4hej3K9A==

read-cache@^1.0.0:
  version "1.0.0"
  resolved "https://registry.yarnpkg.com/read-cache/-/read-cache-1.0.0.tgz#e664ef31161166c9751cdbe8dbcf86b5fb58f774"
  integrity sha512-Owdv/Ft7IjOgm/i0xvNDZ1LrRANRfew4b2prF3OWMQLxLfu3bS8FVhCsrSCMK4lR56Y9ya+AThoTpDCTxCmpRA==
  dependencies:
    pify "^2.3.0"

readdirp@^4.0.1:
  version "4.1.1"
  resolved "https://registry.yarnpkg.com/readdirp/-/readdirp-4.1.1.tgz#bd115327129672dc47f87408f05df9bd9ca3ef55"
  integrity sha512-h80JrZu/MHUZCyHu5ciuoI0+WxsCxzxJTILn6Fs8rxSnFPh+UVHYfeIxK1nVGugMqkfC4vJcBOYbkfkwYK0+gw==

regenerator-runtime@^0.14.0:
  version "0.14.1"
  resolved "https://registry.yarnpkg.com/regenerator-runtime/-/regenerator-runtime-0.14.1.tgz#356ade10263f685dda125100cd862c1db895327f"
  integrity sha512-dYnhHh0nJoMfnkZs6GmmhFknAGRrLznOu5nc9ML+EJxGvrx6H7teuevqVqCuPcPK//3eDrrjQhehXVx9cnkGdw==

register-service-worker@^1.7.2:
  version "1.7.2"
  resolved "https://registry.yarnpkg.com/register-service-worker/-/register-service-worker-1.7.2.tgz#6516983e1ef790a98c4225af1216bc80941a4bd2"
  integrity sha512-CiD3ZSanZqcMPRhtfct5K9f7i3OLCcBBWsJjLh1gW9RO/nS94sVzY59iS+fgYBOBqaBpf4EzfqUF3j9IG+xo8A==

resolve@^1.1.7:
  version "1.22.8"
  resolved "https://registry.yarnpkg.com/resolve/-/resolve-1.22.8.tgz#b6c87a9f2aa06dfab52e3d70ac8cde321fa5a48d"
  integrity sha512-oKWePCxqpd6FlLvGV1VU0x7bkPmmCNolxzjMf4NczoDnQcIWrAF+cPtZn5i6n+RfD2d9i0tzpKnG6Yk168yIyw==
  dependencies:
    is-core-module "^2.13.0"
    path-parse "^1.0.7"
    supports-preserve-symlinks-flag "^1.0.0"

reusify@^1.0.4:
  version "1.0.4"
  resolved "https://registry.yarnpkg.com/reusify/-/reusify-1.0.4.tgz#90da382b1e126efc02146e90845a88db12925d76"
  integrity sha512-U9nH88a3fc/ekCF1l0/UP1IosiuIjyTh7hBvXVMHYgVcfGvt897Xguj2UOLDeI5BG2m7/uwyaLVT6fbtCwTyzw==

rollup@^4.13.0:
  version "4.14.0"
  resolved "https://registry.yarnpkg.com/rollup/-/rollup-4.14.0.tgz#c3e2cd479f1b2358b65c1f810fa05b51603d7be8"
  integrity sha512-Qe7w62TyawbDzB4yt32R0+AbIo6m1/sqO7UPzFS8Z/ksL5mrfhA0v4CavfdmFav3D+ub4QeAgsGEe84DoWe/nQ==
  dependencies:
    "@types/estree" "1.0.5"
  optionalDependencies:
    "@rollup/rollup-android-arm-eabi" "4.14.0"
    "@rollup/rollup-android-arm64" "4.14.0"
    "@rollup/rollup-darwin-arm64" "4.14.0"
    "@rollup/rollup-darwin-x64" "4.14.0"
    "@rollup/rollup-linux-arm-gnueabihf" "4.14.0"
    "@rollup/rollup-linux-arm64-gnu" "4.14.0"
    "@rollup/rollup-linux-arm64-musl" "4.14.0"
    "@rollup/rollup-linux-powerpc64le-gnu" "4.14.0"
    "@rollup/rollup-linux-riscv64-gnu" "4.14.0"
    "@rollup/rollup-linux-s390x-gnu" "4.14.0"
    "@rollup/rollup-linux-x64-gnu" "4.14.0"
    "@rollup/rollup-linux-x64-musl" "4.14.0"
    "@rollup/rollup-win32-arm64-msvc" "4.14.0"
    "@rollup/rollup-win32-ia32-msvc" "4.14.0"
    "@rollup/rollup-win32-x64-msvc" "4.14.0"
    fsevents "~2.3.2"

run-parallel@^1.1.9:
  version "1.2.0"
  resolved "https://registry.yarnpkg.com/run-parallel/-/run-parallel-1.2.0.tgz#66d1368da7bdf921eb9d95bd1a9229e7f21a43ee"
  integrity sha512-5l4VyZR86LZ/lDxZTR6jqL8AFE2S0IFLMP26AbjsLVADxHdhB/c0GUsH+y39UfCi3dzz8OlQuPmnaJOMoDHQBA==
  dependencies:
    queue-microtask "^1.2.2"

sass@^1.72.0:
  version "1.83.4"
  resolved "https://registry.yarnpkg.com/sass/-/sass-1.83.4.tgz#5ccf60f43eb61eeec300b780b8dcb85f16eec6d1"
  integrity sha512-B1bozCeNQiOgDcLd33e2Cs2U60wZwjUUXzh900ZyQF5qUasvMdDZYbQ566LJu7cqR+sAHlAfO6RMkaID5s6qpA==
  dependencies:
    chokidar "^4.0.0"
    immutable "^5.0.2"
    source-map-js ">=0.6.2 <2.0.0"
  optionalDependencies:
    "@parcel/watcher" "^2.4.1"

"source-map-js@>=0.6.2 <2.0.0", source-map-js@^1.2.0, source-map-js@^1.2.1:
  version "1.2.1"
  resolved "https://registry.yarnpkg.com/source-map-js/-/source-map-js-1.2.1.tgz#1ce5650fddd87abc099eda37dcff024c2667ae46"
  integrity sha512-UXWMKhLOwVKb728IUtQPXxfYU+usdybtUrK/8uGE8CQMvrhOpwvzDBwj0QhSL7MQc7vIsISBG8VQ8+IDQxpfQA==

spark-md5@^3.0.1:
  version "3.0.2"
  resolved "https://registry.yarnpkg.com/spark-md5/-/spark-md5-3.0.2.tgz#7952c4a30784347abcee73268e473b9c0167e3fc"
  integrity sha512-wcFzz9cDfbuqe0FZzfi2or1sgyIrsDwmPwfZC4hiNidPdPINjeUwNfv5kldczoEAcjl9Y1L3SM7Uz2PUEQzxQw==

supports-preserve-symlinks-flag@^1.0.0:
  version "1.0.0"
  resolved "https://registry.yarnpkg.com/supports-preserve-symlinks-flag/-/supports-preserve-symlinks-flag-1.0.0.tgz#6eda4bd344a3c94aea376d4cc31bc77311039e09"
  integrity sha512-ot0WnXS9fgdkgIcePe6RHNk1WA8+muPa6cSjeR3V8K27q9BB1rTE3R1p7Hv0z1ZyAc8s6Vvv8DIyWf681MAt0w==

to-regex-range@^5.0.1:
  version "5.0.1"
  resolved "https://registry.yarnpkg.com/to-regex-range/-/to-regex-range-5.0.1.tgz#1648c44aae7c8d988a326018ed72f5b4dd0392e4"
  integrity sha512-65P7iz6X5yEr1cwcgvQxbbIw7Uk3gOy5dIdtZ4rDveLqhrdJP+Li/Hx6tyK0NEb+2GCyneCMJiGqrADCSNk8sQ==
  dependencies:
    is-number "^7.0.0"

turbolinks@^5.2.0:
  version "5.2.0"
  resolved "https://registry.yarnpkg.com/turbolinks/-/turbolinks-5.2.0.tgz#e6877a55ea5c1cb3bb225f0a4ae303d6d32ff77c"
  integrity sha512-pMiez3tyBo6uRHFNNZoYMmrES/IaGgMhQQM+VFF36keryjb5ms0XkVpmKHkfW/4Vy96qiGW3K9bz0tF5sK9bBw==

v-calendar@^3.1.2:
  version "3.1.2"
  resolved "https://registry.yarnpkg.com/v-calendar/-/v-calendar-3.1.2.tgz#fb47320a5469973454f030d850134eebcd2307eb"
  integrity sha512-QDWrnp4PWCpzUblctgo4T558PrHgHzDtQnTeUNzKxfNf29FkCeFpwGd9bKjAqktaa2aJLcyRl45T5ln1ku34kg==
  dependencies:
    "@types/lodash" "^4.14.165"
    "@types/resize-observer-browser" "^0.1.7"
    date-fns "^2.16.1"
    date-fns-tz "^2.0.0"
    lodash "^4.17.20"
    vue-screen-utils "^1.0.0-beta.13"

vite-plugin-ruby@^5.0.0:
  version "5.1.1"
  resolved "https://registry.yarnpkg.com/vite-plugin-ruby/-/vite-plugin-ruby-5.1.1.tgz#ecd72591ddb90a23613051005bd70a6410945129"
  integrity sha512-I1dXJq2ywdvTD2Cz5LYNcYLujqQ3eUxPoCjruRdfm2QBtHBY15NEeb6x5HuPM3T5S+y8S3p9fwRsieQQCjk0gg==
  dependencies:
    debug "^4.3.4"
    fast-glob "^3.3.2"

vite@^5.2.8:
  version "5.2.8"
  resolved "https://registry.yarnpkg.com/vite/-/vite-5.2.8.tgz#a99e09939f1a502992381395ce93efa40a2844aa"
  integrity sha512-OyZR+c1CE8yeHw5V5t59aXsUPPVTHMDjEZz8MgguLL/Q7NblxhZUlTu9xSPqlsUO/y+X7dlU05jdhvyycD55DA==
  dependencies:
    esbuild "^0.20.1"
    postcss "^8.4.38"
    rollup "^4.13.0"
  optionalDependencies:
    fsevents "~2.3.3"

vue-draggable-plus@^0.3.5:
  version "0.3.5"
  resolved "https://registry.yarnpkg.com/vue-draggable-plus/-/vue-draggable-plus-0.3.5.tgz#e37f2eaf6b50a8aa061952784dbc7cf2be071183"
  integrity sha512-HqIxV4Wr4U5LRPLRi2oV+EJ4g6ibyRKhuaiH4ZQo+LxK4zrk2XcBk9UyXC88OXp4SAq0XYH4Wco/T3LX5kJ79A==

vue-multiselect@^3.0.0-beta.3:
  version "3.2.0"
  resolved "https://registry.yarnpkg.com/vue-multiselect/-/vue-multiselect-3.2.0.tgz#810077710ee7bf98e86534c31eebf22a0ab054d7"
  integrity sha512-ExI+IPvSbILbtaHrU0CgbBmfbD6yBpIWJKsGLPmuQMC7VWK8Nj1XSAI9eIt3n9/e+LSFYdt8VgfHxeS1O1OeVA==

vue-screen-utils@^1.0.0-beta.13:
  version "1.0.0-beta.13"
  resolved "https://registry.yarnpkg.com/vue-screen-utils/-/vue-screen-utils-1.0.0-beta.13.tgz#0c739e19f6ffbffab63184aba7b6d710b6a63681"
  integrity sha512-EJ/8TANKhFj+LefDuOvZykwMr3rrLFPLNb++lNBqPOpVigT2ActRg6icH9RFQVm4nHwlHIHSGm5OY/Clar9yIg==

vue-turbolinks@^2.2.2:
  version "2.2.2"
  resolved "https://registry.yarnpkg.com/vue-turbolinks/-/vue-turbolinks-2.2.2.tgz#6b7b5c4120f5586907ef977be4b63a734bf8cd36"
  integrity sha512-pPO2Fr+1UgdhUK9dc5OhjLSeYi5LZAm/VZBXOVQgLHCO31bRjAof/+W/e/6SHCbnb1xdZb1gW5T9MX0k9ejSAQ==

vue3-cookies@^1.0.6:
  version "1.0.6"
  resolved "https://registry.yarnpkg.com/vue3-cookies/-/vue3-cookies-1.0.6.tgz#c1da41f1f3d6bbea8e75157d49d09dfc2a18ca8a"
  integrity sha512-a1UvVD0qIgxyOqjlSOwnLnqAnz8ASltugEv8yX+96i/WGZAN9fEDci7xO4HIWZE1uToUnRq9JnFhvfDCSo45OA==
  dependencies:
    vue "^3.0.0"

vue@^3.0.0, vue@^3.4.21:
  version "3.5.13"
  resolved "https://registry.yarnpkg.com/vue/-/vue-3.5.13.tgz#9f760a1a982b09c0c04a867903fc339c9f29ec0a"
  integrity sha512-wmeiSMxkZCSc+PM2w2VRsOYAZC8GdipNFRTsLSfodVqI9mbejKeXEGr8SckuLnrQPGe3oJN5c3K0vpoU9q/wCQ==
  dependencies:
    "@vue/compiler-dom" "3.5.13"
    "@vue/compiler-sfc" "3.5.13"
    "@vue/runtime-dom" "3.5.13"
    "@vue/server-renderer" "3.5.13"
    "@vue/shared" "3.5.13"

vuex@^4.0.0:
  version "4.1.0"
  resolved "https://registry.yarnpkg.com/vuex/-/vuex-4.1.0.tgz#aa1b3ea5c7385812b074c86faeeec2217872e36c"
  integrity sha512-hmV6UerDrPcgbSy9ORAtNXDr9M4wlNP4pEFKye4ujJF8oqgFFuxDCdOLS3eNoRTtq5O3hoBDh9Doj1bQMYHRbQ==
  dependencies:
    "@vue/devtools-api" "^6.0.0-beta.11"
